// !$*UTF8*$!
{
	archiveVersion = 1;
	classes = {
	};
	objectVersion = 56;
	objects = {

/* Begin PBXBuildFile section */
		BAA67D592AC100A000E994B2 /* CombineExampleApp.swift in Sources */ = {isa = PBXBuildFile; fileRef = BAA67D582AC100A000E994B2 /* CombineExampleApp.swift */; };
		BAA67D5B2AC100A000E994B2 /* ContentView.swift in Sources */ = {isa = PBXBuildFile; fileRef = BAA67D5A2AC100A000E994B2 /* ContentView.swift */; };
		BAA67D5D2AC100A100E994B2 /* Assets.xcassets in Resources */ = {isa = PBXBuildFile; fileRef = BAA67D5C2AC100A100E994B2 /* Assets.xcassets */; };
		BAA67D602AC100A100E994B2 /* Preview Assets.xcassets in Resources */ = {isa = PBXBuildFile; fileRef = BAA67D5F2AC100A100E994B2 /* Preview Assets.xcassets */; };
		BAA67D682AC1019B00E994B2 /* Todo.swift in Sources */ = {isa = PBXBuildFile; fileRef = BAA67D672AC1019B00E994B2 /* Todo.swift */; };
		BAA67D6B2AC1030000E994B2 /* Alamofire in Frameworks */ = {isa = PBXBuildFile; productRef = BAA67D6A2AC1030000E994B2 /* Alamofire */; };
		BAA67D6D2AC1034300E994B2 /* Post.swift in Sources */ = {isa = PBXBuildFile; fileRef = BAA67D6C2AC1034300E994B2 /* Post.swift */; };
		BAA67D702AC1043300E994B2 /* CoderHelper.swift in Sources */ = {isa = PBXBuildFile; fileRef = BAA67D6F2AC1043300E994B2 /* CoderHelper.swift */; };
		BAA67D722AC1093100E994B2 /* ApiService.swift in Sources */ = {isa = PBXBuildFile; fileRef = BAA67D712AC1093100E994B2 /* ApiService.swift */; };
		BAA67D772AC10AEF00E994B2 /* PostVM.swift in Sources */ = {isa = PBXBuildFile; fileRef = BAA67D762AC10AEF00E994B2 /* PostVM.swift */; };
/* End PBXBuildFile section */

/* Begin PBXFileReference section */
		BAA67D552AC100A000E994B2 /* CombineExample.app */ = {isa = PBXFileReference; explicitFileType = wrapper.application; includeInIndex = 0; path = CombineExample.app; sourceTree = BUILT_PRODUCTS_DIR; };
		BAA67D582AC100A000E994B2 /* CombineExampleApp.swift */ = {isa = PBXFileReference; lastKnownFileType = sourcecode.swift; path = CombineExampleApp.swift; sourceTree = "<group>"; };
		BAA67D5A2AC100A000E994B2 /* ContentView.swift */ = {isa = PBXFileReference; lastKnownFileType = sourcecode.swift; path = ContentView.swift; sourceTree = "<group>"; };
		BAA67D5C2AC100A100E994B2 /* Assets.xcassets */ = {isa = PBXFileReference; lastKnownFileType = folder.assetcatalog; path = Assets.xcassets; sourceTree = "<group>"; };
		BAA67D5F2AC100A100E994B2 /* Preview Assets.xcassets */ = {isa = PBXFileReference; lastKnownFileType = folder.assetcatalog; path = "Preview Assets.xcassets"; sourceTree = "<group>"; };
		BAA67D672AC1019B00E994B2 /* Todo.swift */ = {isa = PBXFileReference; lastKnownFileType = sourcecode.swift; path = Todo.swift; sourceTree = "<group>"; };
		BAA67D6C2AC1034300E994B2 /* Post.swift */ = {isa = PBXFileReference; lastKnownFileType = sourcecode.swift; path = Post.swift; sourceTree = "<group>"; };
		BAA67D6F2AC1043300E994B2 /* CoderHelper.swift */ = {isa = PBXFileReference; lastKnownFileType = sourcecode.swift; path = CoderHelper.swift; sourceTree = "<group>"; };
		BAA67D712AC1093100E994B2 /* ApiService.swift */ = {isa = PBXFileReference; lastKnownFileType = sourcecode.swift; path = ApiService.swift; sourceTree = "<group>"; };
		BAA67D762AC10AEF00E994B2 /* PostVM.swift */ = {isa = PBXFileReference; lastKnownFileType = sourcecode.swift; path = PostVM.swift; sourceTree = "<group>"; };
/* End PBXFileReference section */

/* Begin PBXFrameworksBuildPhase section */
		BAA67D522AC100A000E994B2 /* Frameworks */ = {
			isa = PBXFrameworksBuildPhase;
			buildActionMask = 2147483647;
			files = (
				BAA67D6B2AC1030000E994B2 /* Alamofire in Frameworks */,
			);
			runOnlyForDeploymentPostprocessing = 0;
		};
/* End PBXFrameworksBuildPhase section */

/* Begin PBXGroup section */
		BAA67D4C2AC100A000E994B2 = {
			isa = PBXGroup;
			children = (
				BAA67D572AC100A000E994B2 /* CombineExample */,
				BAA67D562AC100A000E994B2 /* Products */,
			);
			sourceTree = "<group>";
		};
		BAA67D562AC100A000E994B2 /* Products */ = {
			isa = PBXGroup;
			children = (
				BAA67D552AC100A000E994B2 /* CombineExample.app */,
			);
			name = Products;
			sourceTree = "<group>";
		};
		BAA67D572AC100A000E994B2 /* CombineExample */ = {
			isa = PBXGroup;
			children = (
				BAA67D732AC10A8F00E994B2 /* ViewModel */,
				BAA67D6E2AC1042500E994B2 /* Helpers */,
				BAA67D662AC1019400E994B2 /* Model */,
				BAA67D582AC100A000E994B2 /* CombineExampleApp.swift */,
				BAA67D5A2AC100A000E994B2 /* ContentView.swift */,
				BAA67D5C2AC100A100E994B2 /* Assets.xcassets */,
				BAA67D5E2AC100A100E994B2 /* Preview Content */,
			);
			path = CombineExample;
			sourceTree = "<group>";
		};
		BAA67D5E2AC100A100E994B2 /* Preview Content */ = {
			isa = PBXGroup;
			children = (
				BAA67D5F2AC100A100E994B2 /* Preview Assets.xcassets */,
			);
			path = "Preview Content";
			sourceTree = "<group>";
		};
		BAA67D662AC1019400E994B2 /* Model */ = {
			isa = PBXGroup;
			children = (
				BAA67D672AC1019B00E994B2 /* Todo.swift */,
				BAA67D6C2AC1034300E994B2 /* Post.swift */,
			);
			path = Model;
			sourceTree = "<group>";
		};
		BAA67D6E2AC1042500E994B2 /* Helpers */ = {
			isa = PBXGroup;
			children = (
				BAA67D6F2AC1043300E994B2 /* CoderHelper.swift */,
				BAA67D712AC1093100E994B2 /* ApiService.swift */,
			);
			path = Helpers;
			sourceTree = "<group>";
		};
		BAA67D732AC10A8F00E994B2 /* ViewModel */ = {
			isa = PBXGroup;
			children = (
				BAA67D762AC10AEF00E994B2 /* PostVM.swift */,
			);
			path = ViewModel;
			sourceTree = "<group>";
		};
/* End PBXGroup section */

/* Begin PBXNativeTarget section */
		BAA67D542AC100A000E994B2 /* CombineExample */ = {
			isa = PBXNativeTarget;
			buildConfigurationList = BAA67D632AC100A100E994B2 /* Build configuration list for PBXNativeTarget "CombineExample" */;
			buildPhases = (
				BAA67D512AC100A000E994B2 /* Sources */,
				BAA67D522AC100A000E994B2 /* Frameworks */,
				BAA67D532AC100A000E994B2 /* Resources */,
			);
			buildRules = (
			);
			dependencies = (
			);
			name = CombineExample;
			packageProductDependencies = (
				BAA67D6A2AC1030000E994B2 /* Alamofire */,
			);
			productName = CombineExample;
			productReference = BAA67D552AC100A000E994B2 /* CombineExample.app */;
			productType = "com.apple.product-type.application";
		};
/* End PBXNativeTarget section */

/* Begin PBXProject section */
		BAA67D4D2AC100A000E994B2 /* Project object */ = {
			isa = PBXProject;
			attributes = {
				BuildIndependentTargetsInParallel = 1;
				LastSwiftUpdateCheck = 1500;
				LastUpgradeCheck = 1500;
				TargetAttributes = {
					BAA67D542AC100A000E994B2 = {
						CreatedOnToolsVersion = 15.0;
					};
				};
			};
			buildConfigurationList = BAA67D502AC100A000E994B2 /* Build configuration list for PBXProject "CombineExample" */;
			compatibilityVersion = "Xcode 14.0";
			developmentRegion = en;
			hasScannedForEncodings = 0;
			knownRegions = (
				en,
				Base,
			);
			mainGroup = BAA67D4C2AC100A000E994B2;
			packageReferences = (
				BAA67D692AC1030000E994B2 /* XCRemoteSwiftPackageReference "Alamofire" */,
			);
			productRefGroup = BAA67D562AC100A000E994B2 /* Products */;
			projectDirPath = "";
			projectRoot = "";
			targets = (
				BAA67D542AC100A000E994B2 /* CombineExample */,
			);
		};
/* End PBXProject section */

/* Begin PBXResourcesBuildPhase section */
		BAA67D532AC100A000E994B2 /* Resources */ = {
			isa = PBXResourcesBuildPhase;
			buildActionMask = 2147483647;
			files = (
				BAA67D602AC100A100E994B2 /* Preview Assets.xcassets in Resources */,
				BAA67D5D2AC100A100E994B2 /* Assets.xcassets in Resources */,
			);
			runOnlyForDeploymentPostprocessing = 0;
		};
/* End PBXResourcesBuildPhase section */

/* Begin PBXSourcesBuildPhase section */
		BAA67D512AC100A000E994B2 /* Sources */ = {
			isa = PBXSourcesBuildPhase;
			buildActionMask = 2147483647;
			files = (
				BAA67D772AC10AEF00E994B2 /* PostVM.swift in Sources */,
				BAA67D5B2AC100A000E994B2 /* ContentView.swift in Sources */,
				BAA67D682AC1019B00E994B2 /* Todo.swift in Sources */,
				BAA67D722AC1093100E994B2 /* ApiService.swift in Sources */,
				BAA67D702AC1043300E994B2 /* CoderHelper.swift in Sources */,
				BAA67D592AC100A000E994B2 /* CombineExampleApp.swift in Sources */,
				BAA67D6D2AC1034300E994B2 /* Post.swift in Sources */,
			);
			runOnlyForDeploymentPostprocessing = 0;
		};
/* End PBXSourcesBuildPhase section */

/* Begin XCBuildConfiguration section */
		BAA67D612AC100A100E994B2 /* Debug */ = {
			isa = XCBuildConfiguration;
			buildSettings = {
				ALWAYS_SEARCH_USER_PATHS = NO;
				ASSETCATALOG_COMPILER_GENERATE_SWIFT_ASSET_SYMBOL_EXTENSIONS = YES;
				CLANG_ANALYZER_NONNULL = YES;
				CLANG_ANALYZER_NUMBER_OBJECT_CONVERSION = YES_AGGRESSIVE;
				CLANG_CXX_LANGUAGE_STANDARD = "gnu++20";
				CLANG_ENABLE_MODULES = YES;
				CLANG_ENABLE_OBJC_ARC = YES;
				CLANG_ENABLE_OBJC_WEAK = YES;
				CLANG_WARN_BLOCK_CAPTURE_AUTORELEASING = YES;
				CLANG_WARN_BOOL_CONVERSION = YES;
				CLANG_WARN_COMMA = YES;
				CLANG_WARN_CONSTANT_CONVERSION = YES;
				CLANG_WARN_DEPRECATED_OBJC_IMPLEMENTATIONS = YES;
				CLANG_WARN_DIRECT_OBJC_ISA_USAGE = YES_ERROR;
				CLANG_WARN_DOCUMENTATION_COMMENTS = YES;
				CLANG_WARN_EMPTY_BODY = YES;
				CLANG_WARN_ENUM_CONVERSION = YES;
				CLANG_WARN_INFINITE_RECURSION = YES;
				CLANG_WARN_INT_CONVERSION = YES;
				CLANG_WARN_NON_LITERAL_NULL_CONVERSION = YES;
				CLANG_WARN_OBJC_IMPLICIT_RETAIN_SELF = YES;
				CLANG_WARN_OBJC_LITERAL_CONVERSION = YES;
				CLANG_WARN_OBJC_ROOT_CLASS = YES_ERROR;
				CLANG_WARN_QUOTED_INCLUDE_IN_FRAMEWORK_HEADER = YES;
				CLANG_WARN_RANGE_LOOP_ANALYSIS = YES;
				CLANG_WARN_STRICT_PROTOTYPES = YES;
				CLANG_WARN_SUSPICIOUS_MOVE = YES;
				CLANG_WARN_UNGUARDED_AVAILABILITY = YES_AGGRESSIVE;
				CLANG_WARN_UNREACHABLE_CODE = YES;
				CLANG_WARN__DUPLICATE_METHOD_MATCH = YES;
				COPY_PHASE_STRIP = NO;
				DEBUG_INFORMATION_FORMAT = dwarf;
				ENABLE_STRICT_OBJC_MSGSEND = YES;
				ENABLE_TESTABILITY = YES;
				ENABLE_USER_SCRIPT_SANDBOXING = YES;
				GCC_C_LANGUAGE_STANDARD = gnu17;
				GCC_DYNAMIC_NO_PIC = NO;
				GCC_NO_COMMON_BLOCKS = YES;
				GCC_OPTIMIZATION_LEVEL = 0;
				GCC_PREPROCESSOR_DEFINITIONS = (
					"DEBUG=1",
					"$(inherited)",
				);
				GCC_WARN_64_TO_32_BIT_CONVERSION = YES;
				GCC_WARN_ABOUT_RETURN_TYPE = YES_ERROR;
				GCC_WARN_UNDECLARED_SELECTOR = YES;
				GCC_WARN_UNINITIALIZED_AUTOS = YES_AGGRESSIVE;
				GCC_WARN_UNUSED_FUNCTION = YES;
				GCC_WARN_UNUSED_VARIABLE = YES;
				IPHONEOS_DEPLOYMENT_TARGET = 17.0;
				LOCALIZATION_PREFERS_STRING_CATALOGS = YES;
				MTL_ENABLE_DEBUG_INFO = INCLUDE_SOURCE;
				MTL_FAST_MATH = YES;
				ONLY_ACTIVE_ARCH = YES;
				SDKROOT = iphoneos;
				SWIFT_ACTIVE_COMPILATION_CONDITIONS = "DEBUG $(inherited)";
				SWIFT_OPTIMIZATION_LEVEL = "-Onone";
			};
			name = Debug;
		};
		BAA67D622AC100A100E994B2 /* Release */ = {
			isa = XCBuildConfiguration;
			buildSettings = {
				ALWAYS_SEARCH_USER_PATHS = NO;
				ASSETCATALOG_COMPILER_GENERATE_SWIFT_ASSET_SYMBOL_EXTENSIONS = YES;
				CLANG_ANALYZER_NONNULL = YES;
				CLANG_ANALYZER_NUMBER_OBJECT_CONVERSION = YES_AGGRESSIVE;
				CLANG_CXX_LANGUAGE_STANDARD = "gnu++20";
				CLANG_ENABLE_MODULES = YES;
				CLANG_ENABLE_OBJC_ARC = YES;
				CLANG_ENABLE_OBJC_WEAK = YES;
				CLANG_WARN_BLOCK_CAPTURE_AUTORELEASING = YES;
				CLANG_WARN_BOOL_CONVERSION = YES;
				CLANG_WARN_COMMA = YES;
				CLANG_WARN_CONSTANT_CONVERSION = YES;
				CLANG_WARN_DEPRECATED_OBJC_IMPLEMENTATIONS = YES;
				CLANG_WARN_DIRECT_OBJC_ISA_USAGE = YES_ERROR;
				CLANG_WARN_DOCUMENTATION_COMMENTS = YES;
				CLANG_WARN_EMPTY_BODY = YES;
				CLANG_WARN_ENUM_CONVERSION = YES;
				CLANG_WARN_INFINITE_RECURSION = YES;
				CLANG_WARN_INT_CONVERSION = YES;
				CLANG_WARN_NON_LITERAL_NULL_CONVERSION = YES;
				CLANG_WARN_OBJC_IMPLICIT_RETAIN_SELF = YES;
				CLANG_WARN_OBJC_LITERAL_CONVERSION = YES;
				CLANG_WARN_OBJC_ROOT_CLASS = YES_ERROR;
				CLANG_WARN_QUOTED_INCLUDE_IN_FRAMEWORK_HEADER = YES;
				CLANG_WARN_RANGE_LOOP_ANALYSIS = YES;
				CLANG_WARN_STRICT_PROTOTYPES = YES;
				CLANG_WARN_SUSPICIOUS_MOVE = YES;
				CLANG_WARN_UNGUARDED_AVAILABILITY = YES_AGGRESSIVE;
				CLANG_WARN_UNREACHABLE_CODE = YES;
				CLANG_WARN__DUPLICATE_METHOD_MATCH = YES;
				COPY_PHASE_STRIP = NO;
				DEBUG_INFORMATION_FORMAT = "dwarf-with-dsym";
				ENABLE_NS_ASSERTIONS = NO;
				ENABLE_STRICT_OBJC_MSGSEND = YES;
				ENABLE_USER_SCRIPT_SANDBOXING = YES;
				GCC_C_LANGUAGE_STANDARD = gnu17;
				GCC_NO_COMMON_BLOCKS = YES;
				GCC_WARN_64_TO_32_BIT_CONVERSION = YES;
				GCC_WARN_ABOUT_RETURN_TYPE = YES_ERROR;
				GCC_WARN_UNDECLARED_SELECTOR = YES;
				GCC_WARN_UNINITIALIZED_AUTOS = YES_AGGRESSIVE;
				GCC_WARN_UNUSED_FUNCTION = YES;
				GCC_WARN_UNUSED_VARIABLE = YES;
				IPHONEOS_DEPLOYMENT_TARGET = 17.0;
				LOCALIZATION_PREFERS_STRING_CATALOGS = YES;
				MTL_ENABLE_DEBUG_INFO = NO;
				MTL_FAST_MATH = YES;
				SDKROOT = iphoneos;
				SWIFT_COMPILATION_MODE = wholemodule;
				VALIDATE_PRODUCT = YES;
			};
			name = Release;
		};
		BAA67D642AC100A100E994B2 /* Debug */ = {
			isa = XCBuildConfiguration;
			buildSettings = {
				ASSETCATALOG_COMPILER_APPICON_NAME = AppIcon;
				ASSETCATALOG_COMPILER_GLOBAL_ACCENT_COLOR_NAME = AccentColor;
				CODE_SIGN_STYLE = Automatic;
				CURRENT_PROJECT_VERSION = 1;
				DEVELOPMENT_ASSET_PATHS = "\"CombineExample/Preview Content\"";
				DEVELOPMENT_TEAM = 4HPQY9M97K;
				ENABLE_PREVIEWS = YES;
				GENERATE_INFOPLIST_FILE = YES;
				INFOPLIST_KEY_UIApplicationSceneManifest_Generation = YES;
				INFOPLIST_KEY_UIApplicationSupportsIndirectInputEvents = YES;
				INFOPLIST_KEY_UILaunchScreen_Generation = YES;
				INFOPLIST_KEY_UISupportedInterfaceOrientations_iPad = "UIInterfaceOrientationPortrait UIInterfaceOrientationPortraitUpsideDown UIInterfaceOrientationLandscapeLeft UIInterfaceOrientationLandscapeRight";
				INFOPLIST_KEY_UISupportedInterfaceOrientations_iPhone = "UIInterfaceOrientationPortrait UIInterfaceOrientationLandscapeLeft UIInterfaceOrientationLandscapeRight";
				LD_RUNPATH_SEARCH_PATHS = (
					"$(inherited)",
					"@executable_path/Frameworks",
				);
				MARKETING_VERSION = 1.0;
				PRODUCT_BUNDLE_IDENTIFIER = com..CombineExample;
				PRODUCT_NAME = "$(TARGET_NAME)";
				SWIFT_EMIT_LOC_STRINGS = YES;
				SWIFT_VERSION = 5.0;
				TARGETED_DEVICE_FAMILY = "1,2";
			};
			name = Debug;
		};
		BAA67D652AC100A100E994B2 /* Release */ = {
			isa = XCBuildConfiguration;
			buildSettings = {
				ASSETCATALOG_COMPILER_APPICON_NAME = AppIcon;
				ASSETCATALOG_COMPILER_GLOBAL_ACCENT_COLOR_NAME = AccentColor;
				CODE_SIGN_STYLE = Automatic;
				CURRENT_PROJECT_VERSION = 1;
				DEVELOPMENT_ASSET_PATHS = "\"CombineExample/Preview Content\"";
				DEVELOPMENT_TEAM = 4HPQY9M97K;
				ENABLE_PREVIEWS = YES;
				GENERATE_INFOPLIST_FILE = YES;
				INFOPLIST_KEY_UIApplicationSceneManifest_Generation = YES;
				INFOPLIST_KEY_UIApplicationSupportsIndirectInputEvents = YES;
				INFOPLIST_KEY_UILaunchScreen_Generation = YES;
				INFOPLIST_KEY_UISupportedInterfaceOrientations_iPad = "UIInterfaceOrientationPortrait UIInterfaceOrientationPortraitUpsideDown UIInterfaceOrientationLandscapeLeft UIInterfaceOrientationLandscapeRight";
				INFOPLIST_KEY_UISupportedInterfaceOrientations_iPhone = "UIInterfaceOrientationPortrait UIInterfaceOrientationLandscapeLeft UIInterfaceOrientationLandscapeRight";
				LD_RUNPATH_SEARCH_PATHS = (
					"$(inherited)",
					"@executable_path/Frameworks",
				);
				MARKETING_VERSION = 1.0;
				PRODUCT_BUNDLE_IDENTIFIER = com..CombineExample;
				PRODUCT_NAME = "$(TARGET_NAME)";
				SWIFT_EMIT_LOC_STRINGS = YES;
				SWIFT_VERSION = 5.0;
				TARGETED_DEVICE_FAMILY = "1,2";
			};
			name = Release;
		};
/* End XCBuildConfiguration section */

/* Begin XCConfigurationList section */
		BAA67D502AC100A000E994B2 /* Build configuration list for PBXProject "CombineExample" */ = {
			isa = XCConfigurationList;
			buildConfigurations = (
				BAA67D612AC100A100E994B2 /* Debug */,
				BAA67D622AC100A100E994B2 /* Release */,
			);
			defaultConfigurationIsVisible = 0;
			defaultConfigurationName = Release;
		};
		BAA67D632AC100A100E994B2 /* Build configuration list for PBXNativeTarget "CombineExample" */ = {
			isa = XCConfigurationList;
			buildConfigurations = (
				BAA67D642AC100A100E994B2 /* Debug */,
				BAA67D652AC100A100E994B2 /* Release */,
			);
			defaultConfigurationIsVisible = 0;
			defaultConfigurationName = Release;
		};
/* End XCConfigurationList section */

/* Begin XCRemoteSwiftPackageReference section */
		BAA67D692AC1030000E994B2 /* XCRemoteSwiftPackageReference "Alamofire" */ = {
			isa = XCRemoteSwiftPackageReference;
			repositoryURL = "https://github.com/Alamofire/Alamofire.git";
			requirement = {
				kind = upToNextMajorVersion;
				minimumVersion = 5.8.0;
			};
		};
/* End XCRemoteSwiftPackageReference section */

/* Begin XCSwiftPackageProductDependency section */
		BAA67D6A2AC1030000E994B2 /* Alamofire */ = {
			isa = XCSwiftPackageProductDependency;
			package = BAA67D692AC1030000E994B2 /* XCRemoteSwiftPackageReference "Alamofire" */;
			productName = Alamofire;
		};
/* End XCSwiftPackageProductDependency section */
	};
	rootObject = BAA67D4D2AC100A000E994B2 /* Project object */;
}
